// !$*UTF8*$!
{
	archiveVersion = 1;
	classes = {
	};
	objectVersion = 54;
	objects = {

/* Begin PBXBuildFile section */
		0A2277974E0E4C1CA14B0C97 /* Onest-Bold.ttf in Resources */ = {isa = PBXBuildFile; fileRef = 2B739DFA299C4799A6D1F0CE /* Onest-Bold.ttf */; };
		0DCD88A9D31246FFA4D3E6D6 /* Onest-ExtraLight.ttf in Resources */ = {isa = PBXBuildFile; fileRef = 1B2E08EED79F42A4A3612F82 /* Onest-ExtraLight.ttf */; };
		13B07FBF1A68108700A75B9A /* Images.xcassets in Resources */ = {isa = PBXBuildFile; fileRef = 13B07FB51A68108700A75B9A /* Images.xcassets */; };
		3A5ED7192DF244540023651F /* CaptureState+.swift in Sources */ = {isa = PBXBuildFile; fileRef = 3A5ED7162DF244540023651F /* CaptureState+.swift */; };
		3A5ED71A2DF244540023651F /* ContentView.swift in Sources */ = {isa = PBXBuildFile; fileRef = 3A5ED7132DF244540023651F /* ContentView.swift */; };
		3A5ED71B2DF244540023651F /* CreateButton.swift in Sources */ = {isa = PBXBuildFile; fileRef = 3A5ED7152DF244540023651F /* CreateButton.swift */; };
		3A5ED71F2DF29B130023651F /* ObjectCaptureBridge.m in Sources */ = {isa = PBXBuildFile; fileRef = 3A5ED71E2DF29B130023651F /* ObjectCaptureBridge.m */; };
		3AE5A2492E19756100589C5C /* RealityKit.framework in Frameworks */ = {isa = PBXBuildFile; fileRef = 3AE5A2482E19756100589C5C /* RealityKit.framework */; };
		3AE5A24B2E19756900589C5C /* ARKit.framework in Frameworks */ = {isa = PBXBuildFile; fileRef = 3AE5A24A2E19756900589C5C /* ARKit.framework */; };
		3AE5A24D2E19757300589C5C /* QuickLook.framework in Frameworks */ = {isa = PBXBuildFile; fileRef = 3AE5A24C2E19757300589C5C /* QuickLook.framework */; };
		3AE5A24F2E19757C00589C5C /* SwiftUI.framework in Frameworks */ = {isa = PBXBuildFile; fileRef = 3AE5A24E2E19757C00589C5C /* SwiftUI.framework */; };
		3AE5A2592E1D49CE00589C5C /* model.usdz in Resources */ = {isa = PBXBuildFile; fileRef = 3AE5A2582E1D49CE00589C5C /* model.usdz */; };
		3AE5A2632E3E743800589C5C /*  ARQuickLookView.swift in Sources */ = {isa = PBXBuildFile; fileRef = 3AE5A2622E3E743500589C5C /*  ARQuickLookView.swift */; };
		3AE5A2682E3E7DE700589C5C /* ObjectCaptureModule.swift in Sources */ = {isa = PBXBuildFile; fileRef = 3AE5A2672E3E7DDE00589C5C /* ObjectCaptureModule.swift */; };
		3AE5A2762EC203E300589C5C /* CaptureView.swift in Sources */ = {isa = PBXBuildFile; fileRef = 3AE5A2752EC203DD00589C5C /* CaptureView.swift */; };
		3AE5A2782EC204A000589C5C /* InitialView.swift in Sources */ = {isa = PBXBuildFile; fileRef = 3AE5A2772EC2049400589C5C /* InitialView.swift */; };
		3AE5A27A2EC204C100589C5C /* ProgressOverlay.swift in Sources */ = {isa = PBXBuildFile; fileRef = 3AE5A2792EC204BA00589C5C /* ProgressOverlay.swift */; };
		3AE5A27C2EC204E500589C5C /* InstructionsView.swift in Sources */ = {isa = PBXBuildFile; fileRef = 3AE5A27B2EC204DB00589C5C /* InstructionsView.swift */; };
		3B2FE5DCBAD847AD9B9812CD /* Onest-Regular.ttf in Resources */ = {isa = PBXBuildFile; fileRef = 0956BCBE23754B94AD23BCC2 /* Onest-Regular.ttf */; };
		3E461D99554A48A4959DE609 /* SplashScreen.storyboard in Resources */ = {isa = PBXBuildFile; fileRef = AA286B85B6C04FC6940260E9 /* SplashScreen.storyboard */; };
		42D9BD69597A44FE9015F7FF /* Onest-ExtraBold.ttf in Resources */ = {isa = PBXBuildFile; fileRef = 0585539D750849B69DBC805E /* Onest-ExtraBold.ttf */; };
		6ECCEEEFF24844FCB38EE117 /* Onest-Medium.ttf in Resources */ = {isa = PBXBuildFile; fileRef = 62841D112A184AE7BD53F68A /* Onest-Medium.ttf */; };
		95B7087F86394E9A811BD2C8 /* Onest-SemiBold.ttf in Resources */ = {isa = PBXBuildFile; fileRef = F81348ECE2054098874EF3F1 /* Onest-SemiBold.ttf */; };
		AFECCC51F125C646199CDAC0 /* libPods-trevianappsprint.a in Frameworks */ = {isa = PBXBuildFile; fileRef = E9EF2D1F4C234226CA390AD7 /* libPods-trevianappsprint.a */; };
		B302EF5FF4774A239A2E3846 /* Onest-Light.ttf in Resources */ = {isa = PBXBuildFile; fileRef = 038A625CBE3D4400817CC6A9 /* Onest-Light.ttf */; };
		BB2F792D24A3F905000567C9 /* Expo.plist in Resources */ = {isa = PBXBuildFile; fileRef = BB2F792C24A3F905000567C9 /* Expo.plist */; };
		BB7FB4940E324902887691B3 /* Onest-Thin.ttf in Resources */ = {isa = PBXBuildFile; fileRef = CB8E9AB32E2E48ABB294E527 /* Onest-Thin.ttf */; };
		C90FF55A0DAD39F864A6A2CC /* PrivacyInfo.xcprivacy in Resources */ = {isa = PBXBuildFile; fileRef = 6D079369962246784FED20D0 /* PrivacyInfo.xcprivacy */; };
		D82412982BCB441F8B0351F5 /* Onest-Black.ttf in Resources */ = {isa = PBXBuildFile; fileRef = B46811C3F2324071BF688342 /* Onest-Black.ttf */; };
		F11748422D0307B40044C1D9 /* AppDelegate.swift in Sources */ = {isa = PBXBuildFile; fileRef = F11748412D0307B40044C1D9 /* AppDelegate.swift */; };
		F9623BF646D4462CBBB8FA45 /* ExpoModulesProvider.swift in Sources */ = {isa = PBXBuildFile; fileRef = 890A4BA0615F573A0B522762 /* ExpoModulesProvider.swift */; };
/* End PBXBuildFile section */

/* Begin PBXFileReference section */
		038A625CBE3D4400817CC6A9 /* Onest-Light.ttf */ = {isa = PBXFileReference; explicitFileType = undefined; fileEncoding = 9; includeInIndex = 0; lastKnownFileType = unknown; name = "Onest-Light.ttf"; path = "../assets/fonts/Onest-Light.ttf"; sourceTree = "<group>"; };
		0585539D750849B69DBC805E /* Onest-ExtraBold.ttf */ = {isa = PBXFileReference; explicitFileType = undefined; fileEncoding = 9; includeInIndex = 0; lastKnownFileType = unknown; name = "Onest-ExtraBold.ttf"; path = "../assets/fonts/Onest-ExtraBold.ttf"; sourceTree = "<group>"; };
		0956BCBE23754B94AD23BCC2 /* Onest-Regular.ttf */ = {isa = PBXFileReference; explicitFileType = undefined; fileEncoding = 9; includeInIndex = 0; lastKnownFileType = unknown; name = "Onest-Regular.ttf"; path = "../assets/fonts/Onest-Regular.ttf"; sourceTree = "<group>"; };
		13B07F961A680F5B00A75B9A /* trevianappsprint.app */ = {isa = PBXFileReference; explicitFileType = wrapper.application; includeInIndex = 0; path = trevianappsprint.app; sourceTree = BUILT_PRODUCTS_DIR; };
		13B07FB51A68108700A75B9A /* Images.xcassets */ = {isa = PBXFileReference; lastKnownFileType = folder.assetcatalog; name = Images.xcassets; path = trevianappsprint/Images.xcassets; sourceTree = "<group>"; };
		13B07FB61A68108700A75B9A /* Info.plist */ = {isa = PBXFileReference; fileEncoding = 4; lastKnownFileType = text.plist.xml; name = Info.plist; path = trevianappsprint/Info.plist; sourceTree = "<group>"; };
		1B2E08EED79F42A4A3612F82 /* Onest-ExtraLight.ttf */ = {isa = PBXFileReference; explicitFileType = undefined; fileEncoding = 9; includeInIndex = 0; lastKnownFileType = unknown; name = "Onest-ExtraLight.ttf"; path = "../assets/fonts/Onest-ExtraLight.ttf"; sourceTree = "<group>"; };
		2B739DFA299C4799A6D1F0CE /* Onest-Bold.ttf */ = {isa = PBXFileReference; explicitFileType = undefined; fileEncoding = 9; includeInIndex = 0; lastKnownFileType = unknown; name = "Onest-Bold.ttf"; path = "../assets/fonts/Onest-Bold.ttf"; sourceTree = "<group>"; };
		2CF8F8C1C5418ADD747CDBD9 /* Pods-trevianappsprint.debug.xcconfig */ = {isa = PBXFileReference; includeInIndex = 1; lastKnownFileType = text.xcconfig; name = "Pods-trevianappsprint.debug.xcconfig"; path = "Target Support Files/Pods-trevianappsprint/Pods-trevianappsprint.debug.xcconfig"; sourceTree = "<group>"; };
		3A5ED7132DF244540023651F /* ContentView.swift */ = {isa = PBXFileReference; lastKnownFileType = sourcecode.swift; path = ContentView.swift; sourceTree = "<group>"; };
		3A5ED7152DF244540023651F /* CreateButton.swift */ = {isa = PBXFileReference; lastKnownFileType = sourcecode.swift; path = CreateButton.swift; sourceTree = "<group>"; };
		3A5ED7162DF244540023651F /* CaptureState+.swift */ = {isa = PBXFileReference; lastKnownFileType = sourcecode.swift; path = "CaptureState+.swift"; sourceTree = "<group>"; };
		3A5ED71E2DF29B130023651F /* ObjectCaptureBridge.m */ = {isa = PBXFileReference; lastKnownFileType = sourcecode.c.objc; path = ObjectCaptureBridge.m; sourceTree = "<group>"; };
		3AE5A2482E19756100589C5C /* RealityKit.framework */ = {isa = PBXFileReference; lastKnownFileType = wrapper.framework; name = RealityKit.framework; path = System/Library/Frameworks/RealityKit.framework; sourceTree = SDKROOT; };
		3AE5A24A2E19756900589C5C /* ARKit.framework */ = {isa = PBXFileReference; lastKnownFileType = wrapper.framework; name = ARKit.framework; path = System/Library/Frameworks/ARKit.framework; sourceTree = SDKROOT; };
		3AE5A24C2E19757300589C5C /* QuickLook.framework */ = {isa = PBXFileReference; lastKnownFileType = wrapper.framework; name = QuickLook.framework; path = System/Library/Frameworks/QuickLook.framework; sourceTree = SDKROOT; };
		3AE5A24E2E19757C00589C5C /* SwiftUI.framework */ = {isa = PBXFileReference; lastKnownFileType = wrapper.framework; name = SwiftUI.framework; path = System/Library/Frameworks/SwiftUI.framework; sourceTree = SDKROOT; };
		3AE5A2582E1D49CE00589C5C /* model.usdz */ = {isa = PBXFileReference; lastKnownFileType = file; path = model.usdz; sourceTree = "<group>"; };
		3AE5A2622E3E743500589C5C /*  ARQuickLookView.swift */ = {isa = PBXFileReference; lastKnownFileType = sourcecode.swift; path = " ARQuickLookView.swift"; sourceTree = "<group>"; };
		3AE5A2672E3E7DDE00589C5C /* ObjectCaptureModule.swift */ = {isa = PBXFileReference; lastKnownFileType = sourcecode.swift; path = ObjectCaptureModule.swift; sourceTree = "<group>"; };
		3AE5A2752EC203DD00589C5C /* CaptureView.swift */ = {isa = PBXFileReference; lastKnownFileType = sourcecode.swift; path = CaptureView.swift; sourceTree = "<group>"; };
		3AE5A2772EC2049400589C5C /* InitialView.swift */ = {isa = PBXFileReference; lastKnownFileType = sourcecode.swift; path = InitialView.swift; sourceTree = "<group>"; };
		3AE5A2792EC204BA00589C5C /* ProgressOverlay.swift */ = {isa = PBXFileReference; lastKnownFileType = sourcecode.swift; path = ProgressOverlay.swift; sourceTree = "<group>"; };
		3AE5A27B2EC204DB00589C5C /* InstructionsView.swift */ = {isa = PBXFileReference; lastKnownFileType = sourcecode.swift; path = InstructionsView.swift; sourceTree = "<group>"; };
		6131E5FC7C2D3DB4C36CA01F /* Pods-trevianappsprint.release.xcconfig */ = {isa = PBXFileReference; includeInIndex = 1; lastKnownFileType = text.xcconfig; name = "Pods-trevianappsprint.release.xcconfig"; path = "Target Support Files/Pods-trevianappsprint/Pods-trevianappsprint.release.xcconfig"; sourceTree = "<group>"; };
		62841D112A184AE7BD53F68A /* Onest-Medium.ttf */ = {isa = PBXFileReference; explicitFileType = undefined; fileEncoding = 9; includeInIndex = 0; lastKnownFileType = unknown; name = "Onest-Medium.ttf"; path = "../assets/fonts/Onest-Medium.ttf"; sourceTree = "<group>"; };
		6D079369962246784FED20D0 /* PrivacyInfo.xcprivacy */ = {isa = PBXFileReference; includeInIndex = 1; lastKnownFileType = text.xml; name = PrivacyInfo.xcprivacy; path = trevianappsprint/PrivacyInfo.xcprivacy; sourceTree = "<group>"; };
		890A4BA0615F573A0B522762 /* ExpoModulesProvider.swift */ = {isa = PBXFileReference; includeInIndex = 1; lastKnownFileType = sourcecode.swift; name = ExpoModulesProvider.swift; path = "Pods/Target Support Files/Pods-trevianappsprint/ExpoModulesProvider.swift"; sourceTree = "<group>"; };
		AA286B85B6C04FC6940260E9 /* SplashScreen.storyboard */ = {isa = PBXFileReference; fileEncoding = 4; lastKnownFileType = file.storyboard; name = SplashScreen.storyboard; path = trevianappsprint/SplashScreen.storyboard; sourceTree = "<group>"; };
		B46811C3F2324071BF688342 /* Onest-Black.ttf */ = {isa = PBXFileReference; explicitFileType = undefined; fileEncoding = 9; includeInIndex = 0; lastKnownFileType = unknown; name = "Onest-Black.ttf"; path = "../assets/fonts/Onest-Black.ttf"; sourceTree = "<group>"; };
		BB2F792C24A3F905000567C9 /* Expo.plist */ = {isa = PBXFileReference; fileEncoding = 4; lastKnownFileType = text.plist.xml; path = Expo.plist; sourceTree = "<group>"; };
		CB8E9AB32E2E48ABB294E527 /* Onest-Thin.ttf */ = {isa = PBXFileReference; explicitFileType = undefined; fileEncoding = 9; includeInIndex = 0; lastKnownFileType = unknown; name = "Onest-Thin.ttf"; path = "../assets/fonts/Onest-Thin.ttf"; sourceTree = "<group>"; };
		E9EF2D1F4C234226CA390AD7 /* libPods-trevianappsprint.a */ = {isa = PBXFileReference; explicitFileType = archive.ar; includeInIndex = 0; path = "libPods-trevianappsprint.a"; sourceTree = BUILT_PRODUCTS_DIR; };
		ED297162215061F000B7C4FE /* JavaScriptCore.framework */ = {isa = PBXFileReference; lastKnownFileType = wrapper.framework; name = JavaScriptCore.framework; path = System/Library/Frameworks/JavaScriptCore.framework; sourceTree = SDKROOT; };
		F11748412D0307B40044C1D9 /* AppDelegate.swift */ = {isa = PBXFileReference; lastKnownFileType = sourcecode.swift; name = AppDelegate.swift; path = trevianappsprint/AppDelegate.swift; sourceTree = "<group>"; };
		F11748442D0722820044C1D9 /* trevianappsprint-Bridging-Header.h */ = {isa = PBXFileReference; lastKnownFileType = sourcecode.c.h; name = "trevianappsprint-Bridging-Header.h"; path = "trevianappsprint/trevianappsprint-Bridging-Header.h"; sourceTree = "<group>"; };
		F81348ECE2054098874EF3F1 /* Onest-SemiBold.ttf */ = {isa = PBXFileReference; explicitFileType = undefined; fileEncoding = 9; includeInIndex = 0; lastKnownFileType = unknown; name = "Onest-SemiBold.ttf"; path = "../assets/fonts/Onest-SemiBold.ttf"; sourceTree = "<group>"; };
/* End PBXFileReference section */

/* Begin PBXFrameworksBuildPhase section */
		13B07F8C1A680F5B00A75B9A /* Frameworks */ = {
			isa = PBXFrameworksBuildPhase;
			buildActionMask = 2147483647;
			files = (
				3AE5A24F2E19757C00589C5C /* SwiftUI.framework in Frameworks */,
				3AE5A24D2E19757300589C5C /* QuickLook.framework in Frameworks */,
				3AE5A24B2E19756900589C5C /* ARKit.framework in Frameworks */,
				3AE5A2492E19756100589C5C /* RealityKit.framework in Frameworks */,
				AFECCC51F125C646199CDAC0 /* libPods-trevianappsprint.a in Frameworks */,
			);
			runOnlyForDeploymentPostprocessing = 0;
		};
/* End PBXFrameworksBuildPhase section */

/* Begin PBXGroup section */
		12B23CEE7B4DCEEB71F8E677 /* trevianappsprint */ = {
			isa = PBXGroup;
			children = (
				890A4BA0615F573A0B522762 /* ExpoModulesProvider.swift */,
			);
			name = trevianappsprint;
			sourceTree = "<group>";
		};
		13B07FAE1A68108700A75B9A /* trevianappsprint */ = {
			isa = PBXGroup;
			children = (
				3AE5A2582E1D49CE00589C5C /* model.usdz */,
				3A5ED7132DF244540023651F /* ContentView.swift */,
				3A5ED7152DF244540023651F /* CreateButton.swift */,
				3AE5A2752EC203DD00589C5C /* CaptureView.swift */,
				3A5ED7162DF244540023651F /* CaptureState+.swift */,
				3AE5A2772EC2049400589C5C /* InitialView.swift */,
				3AE5A2622E3E743500589C5C /*  ARQuickLookView.swift */,
				3AE5A2792EC204BA00589C5C /* ProgressOverlay.swift */,
				3AE5A27B2EC204DB00589C5C /* InstructionsView.swift */,
				3AE5A2672E3E7DDE00589C5C /* ObjectCaptureModule.swift */,
				F11748412D0307B40044C1D9 /* AppDelegate.swift */,
				F11748442D0722820044C1D9 /* trevianappsprint-Bridging-Header.h */,
				BB2F792B24A3F905000567C9 /* Supporting */,
				13B07FB51A68108700A75B9A /* Images.xcassets */,
				13B07FB61A68108700A75B9A /* Info.plist */,
				AA286B85B6C04FC6940260E9 /* SplashScreen.storyboard */,
				6D079369962246784FED20D0 /* PrivacyInfo.xcprivacy */,
				3A5ED71E2DF29B130023651F /* ObjectCaptureBridge.m */,
			);
			name = trevianappsprint;
			sourceTree = "<group>";
		};
		21DA29B21D9995D522B9A98A /* Pods */ = {
			isa = PBXGroup;
			children = (
				2CF8F8C1C5418ADD747CDBD9 /* Pods-trevianappsprint.debug.xcconfig */,
				6131E5FC7C2D3DB4C36CA01F /* Pods-trevianappsprint.release.xcconfig */,
			);
			path = Pods;
			sourceTree = "<group>";
		};
		2D16E6871FA4F8E400B85C8A /* Frameworks */ = {
			isa = PBXGroup;
			children = (
				3AE5A24E2E19757C00589C5C /* SwiftUI.framework */,
				3AE5A24C2E19757300589C5C /* QuickLook.framework */,
				3AE5A24A2E19756900589C5C /* ARKit.framework */,
				3AE5A2482E19756100589C5C /* RealityKit.framework */,
				ED297162215061F000B7C4FE /* JavaScriptCore.framework */,
				E9EF2D1F4C234226CA390AD7 /* libPods-trevianappsprint.a */,
			);
			name = Frameworks;
			sourceTree = "<group>";
		};
		832341AE1AAA6A7D00B99B32 /* Libraries */ = {
			isa = PBXGroup;
			children = (
			);
			name = Libraries;
			sourceTree = "<group>";
		};
		83CBB9F61A601CBA00E9B192 = {
			isa = PBXGroup;
			children = (
				13B07FAE1A68108700A75B9A /* trevianappsprint */,
				832341AE1AAA6A7D00B99B32 /* Libraries */,
				83CBBA001A601CBA00E9B192 /* Products */,
				2D16E6871FA4F8E400B85C8A /* Frameworks */,
				21DA29B21D9995D522B9A98A /* Pods */,
				F7F26279506CE006F6DDB56A /* ExpoModulesProviders */,
				921183DA0A5148189DB9259F /* Resources */,
			);
			indentWidth = 2;
			sourceTree = "<group>";
			tabWidth = 2;
			usesTabs = 0;
		};
		83CBBA001A601CBA00E9B192 /* Products */ = {
			isa = PBXGroup;
			children = (
				13B07F961A680F5B00A75B9A /* trevianappsprint.app */,
			);
			name = Products;
			sourceTree = "<group>";
		};
		921183DA0A5148189DB9259F /* Resources */ = {
			isa = PBXGroup;
			children = (
				B46811C3F2324071BF688342 /* Onest-Black.ttf */,
				2B739DFA299C4799A6D1F0CE /* Onest-Bold.ttf */,
				0585539D750849B69DBC805E /* Onest-ExtraBold.ttf */,
				1B2E08EED79F42A4A3612F82 /* Onest-ExtraLight.ttf */,
				038A625CBE3D4400817CC6A9 /* Onest-Light.ttf */,
				62841D112A184AE7BD53F68A /* Onest-Medium.ttf */,
				0956BCBE23754B94AD23BCC2 /* Onest-Regular.ttf */,
				F81348ECE2054098874EF3F1 /* Onest-SemiBold.ttf */,
				CB8E9AB32E2E48ABB294E527 /* Onest-Thin.ttf */,
			);
			name = Resources;
			sourceTree = "<group>";
		};
		BB2F792B24A3F905000567C9 /* Supporting */ = {
			isa = PBXGroup;
			children = (
				BB2F792C24A3F905000567C9 /* Expo.plist */,
			);
			name = Supporting;
			path = trevianappsprint/Supporting;
			sourceTree = "<group>";
		};
		F7F26279506CE006F6DDB56A /* ExpoModulesProviders */ = {
			isa = PBXGroup;
			children = (
				12B23CEE7B4DCEEB71F8E677 /* trevianappsprint */,
			);
			name = ExpoModulesProviders;
			sourceTree = "<group>";
		};
/* End PBXGroup section */

/* Begin PBXNativeTarget section */
		13B07F861A680F5B00A75B9A /* trevianappsprint */ = {
			isa = PBXNativeTarget;
			buildConfigurationList = 13B07F931A680F5B00A75B9A /* Build configuration list for PBXNativeTarget "trevianappsprint" */;
			buildPhases = (
				08A4A3CD28434E44B6B9DE2E /* [CP] Check Pods Manifest.lock */,
				53FDF4E034A3A8FC0094C6F5 /* [Expo] Configure project */,
				13B07F871A680F5B00A75B9A /* Sources */,
				13B07F8C1A680F5B00A75B9A /* Frameworks */,
				13B07F8E1A680F5B00A75B9A /* Resources */,
				00DD1BFF1BD5951E006B06BC /* Bundle React Native code and images */,
				800E24972A6A228C8D4807E9 /* [CP] Copy Pods Resources */,
				8DE7A46ADB09AEC233DA3D50 /* [CP] Embed Pods Frameworks */,
			);
			buildRules = (
			);
			dependencies = (
			);
			name = trevianappsprint;
			productName = trevianappsprint;
			productReference = 13B07F961A680F5B00A75B9A /* trevianappsprint.app */;
			productType = "com.apple.product-type.application";
		};
/* End PBXNativeTarget section */

/* Begin PBXProject section */
		83CBB9F71A601CBA00E9B192 /* Project object */ = {
			isa = PBXProject;
			attributes = {
				LastUpgradeCheck = 1130;
				TargetAttributes = {
					13B07F861A680F5B00A75B9A = {
						LastSwiftMigration = 1250;
						ProvisioningStyle = Automatic;
					};
				};
			};
			buildConfigurationList = 83CBB9FA1A601CBA00E9B192 /* Build configuration list for PBXProject "trevianappsprint" */;
			compatibilityVersion = "Xcode 3.2";
			developmentRegion = en;
			hasScannedForEncodings = 0;
			knownRegions = (
				en,
				Base,
			);
			mainGroup = 83CBB9F61A601CBA00E9B192;
			productRefGroup = 83CBBA001A601CBA00E9B192 /* Products */;
			projectDirPath = "";
			projectRoot = "";
			targets = (
				13B07F861A680F5B00A75B9A /* trevianappsprint */,
			);
		};
/* End PBXProject section */

/* Begin PBXResourcesBuildPhase section */
		13B07F8E1A680F5B00A75B9A /* Resources */ = {
			isa = PBXResourcesBuildPhase;
			buildActionMask = 2147483647;
			files = (
				BB2F792D24A3F905000567C9 /* Expo.plist in Resources */,
				13B07FBF1A68108700A75B9A /* Images.xcassets in Resources */,
				3AE5A2592E1D49CE00589C5C /* model.usdz in Resources */,
				3E461D99554A48A4959DE609 /* SplashScreen.storyboard in Resources */,
				C90FF55A0DAD39F864A6A2CC /* PrivacyInfo.xcprivacy in Resources */,
				D82412982BCB441F8B0351F5 /* Onest-Black.ttf in Resources */,
				0A2277974E0E4C1CA14B0C97 /* Onest-Bold.ttf in Resources */,
				42D9BD69597A44FE9015F7FF /* Onest-ExtraBold.ttf in Resources */,
				0DCD88A9D31246FFA4D3E6D6 /* Onest-ExtraLight.ttf in Resources */,
				B302EF5FF4774A239A2E3846 /* Onest-Light.ttf in Resources */,
				6ECCEEEFF24844FCB38EE117 /* Onest-Medium.ttf in Resources */,
				3B2FE5DCBAD847AD9B9812CD /* Onest-Regular.ttf in Resources */,
				95B7087F86394E9A811BD2C8 /* Onest-SemiBold.ttf in Resources */,
				BB7FB4940E324902887691B3 /* Onest-Thin.ttf in Resources */,
			);
			runOnlyForDeploymentPostprocessing = 0;
		};
/* End PBXResourcesBuildPhase section */

/* Begin PBXShellScriptBuildPhase section */
		00DD1BFF1BD5951E006B06BC /* Bundle React Native code and images */ = {
			isa = PBXShellScriptBuildPhase;
			alwaysOutOfDate = 1;
			buildActionMask = 2147483647;
			files = (
			);
			inputPaths = (
			);
			name = "Bundle React Native code and images";
			outputPaths = (
			);
			runOnlyForDeploymentPostprocessing = 0;
			shellPath = /bin/sh;
			shellScript = "if [[ -f \"$PODS_ROOT/../.xcode.env\" ]]; then\n  source \"$PODS_ROOT/../.xcode.env\"\nfi\nif [[ -f \"$PODS_ROOT/../.xcode.env.local\" ]]; then\n  source \"$PODS_ROOT/../.xcode.env.local\"\nfi\n\n# The project root by default is one level up from the ios directory\nexport PROJECT_ROOT=\"$PROJECT_DIR\"/..\n\nif [[ \"$CONFIGURATION\" = *Debug* ]]; then\n  export SKIP_BUNDLING=1\nfi\nif [[ -z \"$ENTRY_FILE\" ]]; then\n  # Set the entry JS file using the bundler's entry resolution.\n  export ENTRY_FILE=\"$(\"$NODE_BINARY\" -e \"require('expo/scripts/resolveAppEntry')\" \"$PROJECT_ROOT\" ios absolute | tail -n 1)\"\nfi\n\nif [[ -z \"$CLI_PATH\" ]]; then\n  # Use Expo CLI\n  export CLI_PATH=\"$(\"$NODE_BINARY\" --print \"require.resolve('@expo/cli', { paths: [require.resolve('expo/package.json')] })\")\"\nfi\nif [[ -z \"$BUNDLE_COMMAND\" ]]; then\n  # Default Expo CLI command for bundling\n  export BUNDLE_COMMAND=\"export:embed\"\nfi\n\n# Source .xcode.env.updates if it exists to allow\n# SKIP_BUNDLING to be unset if needed\nif [[ -f \"$PODS_ROOT/../.xcode.env.updates\" ]]; then\n  source \"$PODS_ROOT/../.xcode.env.updates\"\nfi\n# Source local changes to allow overrides\n# if needed\nif [[ -f \"$PODS_ROOT/../.xcode.env.local\" ]]; then\n  source \"$PODS_ROOT/../.xcode.env.local\"\nfi\n\n`\"$NODE_BINARY\" --print \"require('path').dirname(require.resolve('react-native/package.json')) + '/scripts/react-native-xcode.sh'\"`\n\n";
		};
		08A4A3CD28434E44B6B9DE2E /* [CP] Check Pods Manifest.lock */ = {
			isa = PBXShellScriptBuildPhase;
			buildActionMask = 2147483647;
			files = (
			);
			inputFileListPaths = (
			);
			inputPaths = (
				"${PODS_PODFILE_DIR_PATH}/Podfile.lock",
				"${PODS_ROOT}/Manifest.lock",
			);
			name = "[CP] Check Pods Manifest.lock";
			outputFileListPaths = (
			);
			outputPaths = (
				"$(DERIVED_FILE_DIR)/Pods-trevianappsprint-checkManifestLockResult.txt",
			);
			runOnlyForDeploymentPostprocessing = 0;
			shellPath = /bin/sh;
			shellScript = "diff \"${PODS_PODFILE_DIR_PATH}/Podfile.lock\" \"${PODS_ROOT}/Manifest.lock\" > /dev/null\nif [ $? != 0 ] ; then\n    # print error to STDERR\n    echo \"error: The sandbox is not in sync with the Podfile.lock. Run 'pod install' or update your CocoaPods installation.\" >&2\n    exit 1\nfi\n# This output is used by Xcode 'outputs' to avoid re-running this script phase.\necho \"SUCCESS\" > \"${SCRIPT_OUTPUT_FILE_0}\"\n";
			showEnvVarsInLog = 0;
		};
		53FDF4E034A3A8FC0094C6F5 /* [Expo] Configure project */ = {
			isa = PBXShellScriptBuildPhase;
			alwaysOutOfDate = 1;
			buildActionMask = 2147483647;
			files = (
			);
			inputFileListPaths = (
			);
			inputPaths = (
			);
			name = "[Expo] Configure project";
			outputFileListPaths = (
			);
			outputPaths = (
			);
			runOnlyForDeploymentPostprocessing = 0;
			shellPath = /bin/sh;
			shellScript = "# This script configures Expo modules and generates the modules provider file.\nbash -l -c \"./Pods/Target\\ Support\\ Files/Pods-trevianappsprint/expo-configure-project.sh\"\n";
		};
		800E24972A6A228C8D4807E9 /* [CP] Copy Pods Resources */ = {
			isa = PBXShellScriptBuildPhase;
			buildActionMask = 2147483647;
			files = (
			);
			inputPaths = (
				"${PODS_ROOT}/Target Support Files/Pods-trevianappsprint/Pods-trevianappsprint-resources.sh",
				"${PODS_CONFIGURATION_BUILD_DIR}/EXConstants/EXConstants.bundle",
				"${PODS_CONFIGURATION_BUILD_DIR}/EXConstants/ExpoConstants_privacy.bundle",
				"${PODS_CONFIGURATION_BUILD_DIR}/ExpoFileSystem/ExpoFileSystem_privacy.bundle",
				"${PODS_CONFIGURATION_BUILD_DIR}/RCT-Folly/RCT-Folly_privacy.bundle",
				"${PODS_CONFIGURATION_BUILD_DIR}/RNCAsyncStorage/RNCAsyncStorage_resources.bundle",
				"${PODS_CONFIGURATION_BUILD_DIR}/RNSVG/RNSVGFilters.bundle",
				"${PODS_ROOT}/../../node_modules/react-native-vector-icons/Fonts/AntDesign.ttf",
				"${PODS_ROOT}/../../node_modules/react-native-vector-icons/Fonts/Entypo.ttf",
				"${PODS_ROOT}/../../node_modules/react-native-vector-icons/Fonts/EvilIcons.ttf",
				"${PODS_ROOT}/../../node_modules/react-native-vector-icons/Fonts/Feather.ttf",
				"${PODS_ROOT}/../../node_modules/react-native-vector-icons/Fonts/FontAwesome.ttf",
				"${PODS_ROOT}/../../node_modules/react-native-vector-icons/Fonts/FontAwesome5_Brands.ttf",
				"${PODS_ROOT}/../../node_modules/react-native-vector-icons/Fonts/FontAwesome5_Regular.ttf",
				"${PODS_ROOT}/../../node_modules/react-native-vector-icons/Fonts/FontAwesome5_Solid.ttf",
				"${PODS_ROOT}/../../node_modules/react-native-vector-icons/Fonts/FontAwesome6_Brands.ttf",
				"${PODS_ROOT}/../../node_modules/react-native-vector-icons/Fonts/FontAwesome6_Regular.ttf",
				"${PODS_ROOT}/../../node_modules/react-native-vector-icons/Fonts/FontAwesome6_Solid.ttf",
				"${PODS_ROOT}/../../node_modules/react-native-vector-icons/Fonts/Fontisto.ttf",
				"${PODS_ROOT}/../../node_modules/react-native-vector-icons/Fonts/Foundation.ttf",
				"${PODS_ROOT}/../../node_modules/react-native-vector-icons/Fonts/Ionicons.ttf",
				"${PODS_ROOT}/../../node_modules/react-native-vector-icons/Fonts/MaterialCommunityIcons.ttf",
				"${PODS_ROOT}/../../node_modules/react-native-vector-icons/Fonts/MaterialIcons.ttf",
				"${PODS_ROOT}/../../node_modules/react-native-vector-icons/Fonts/Octicons.ttf",
				"${PODS_ROOT}/../../node_modules/react-native-vector-icons/Fonts/SimpleLineIcons.ttf",
				"${PODS_ROOT}/../../node_modules/react-native-vector-icons/Fonts/Zocial.ttf",
				"${PODS_CONFIGURATION_BUILD_DIR}/React-Core/React-Core_privacy.bundle",
				"${PODS_CONFIGURATION_BUILD_DIR}/React-cxxreact/React-cxxreact_privacy.bundle",
				"${PODS_CONFIGURATION_BUILD_DIR}/boost/boost_privacy.bundle",
				"${PODS_CONFIGURATION_BUILD_DIR}/glog/glog_privacy.bundle",
			);
			name = "[CP] Copy Pods Resources";
			outputPaths = (
				"${TARGET_BUILD_DIR}/${UNLOCALIZED_RESOURCES_FOLDER_PATH}/EXConstants.bundle",
				"${TARGET_BUILD_DIR}/${UNLOCALIZED_RESOURCES_FOLDER_PATH}/ExpoConstants_privacy.bundle",
				"${TARGET_BUILD_DIR}/${UNLOCALIZED_RESOURCES_FOLDER_PATH}/ExpoFileSystem_privacy.bundle",
				"${TARGET_BUILD_DIR}/${UNLOCALIZED_RESOURCES_FOLDER_PATH}/RCT-Folly_privacy.bundle",
				"${TARGET_BUILD_DIR}/${UNLOCALIZED_RESOURCES_FOLDER_PATH}/RNCAsyncStorage_resources.bundle",
				"${TARGET_BUILD_DIR}/${UNLOCALIZED_RESOURCES_FOLDER_PATH}/RNSVGFilters.bundle",
				"${TARGET_BUILD_DIR}/${UNLOCALIZED_RESOURCES_FOLDER_PATH}/AntDesign.ttf",
				"${TARGET_BUILD_DIR}/${UNLOCALIZED_RESOURCES_FOLDER_PATH}/Entypo.ttf",
				"${TARGET_BUILD_DIR}/${UNLOCALIZED_RESOURCES_FOLDER_PATH}/EvilIcons.ttf",
				"${TARGET_BUILD_DIR}/${UNLOCALIZED_RESOURCES_FOLDER_PATH}/Feather.ttf",
				"${TARGET_BUILD_DIR}/${UNLOCALIZED_RESOURCES_FOLDER_PATH}/FontAwesome.ttf",
				"${TARGET_BUILD_DIR}/${UNLOCALIZED_RESOURCES_FOLDER_PATH}/FontAwesome5_Brands.ttf",
				"${TARGET_BUILD_DIR}/${UNLOCALIZED_RESOURCES_FOLDER_PATH}/FontAwesome5_Regular.ttf",
				"${TARGET_BUILD_DIR}/${UNLOCALIZED_RESOURCES_FOLDER_PATH}/FontAwesome5_Solid.ttf",
				"${TARGET_BUILD_DIR}/${UNLOCALIZED_RESOURCES_FOLDER_PATH}/FontAwesome6_Brands.ttf",
				"${TARGET_BUILD_DIR}/${UNLOCALIZED_RESOURCES_FOLDER_PATH}/FontAwesome6_Regular.ttf",
				"${TARGET_BUILD_DIR}/${UNLOCALIZED_RESOURCES_FOLDER_PATH}/FontAwesome6_Solid.ttf",
				"${TARGET_BUILD_DIR}/${UNLOCALIZED_RESOURCES_FOLDER_PATH}/Fontisto.ttf",
				"${TARGET_BUILD_DIR}/${UNLOCALIZED_RESOURCES_FOLDER_PATH}/Foundation.ttf",
				"${TARGET_BUILD_DIR}/${UNLOCALIZED_RESOURCES_FOLDER_PATH}/Ionicons.ttf",
				"${TARGET_BUILD_DIR}/${UNLOCALIZED_RESOURCES_FOLDER_PATH}/MaterialCommunityIcons.ttf",
				"${TARGET_BUILD_DIR}/${UNLOCALIZED_RESOURCES_FOLDER_PATH}/MaterialIcons.ttf",
				"${TARGET_BUILD_DIR}/${UNLOCALIZED_RESOURCES_FOLDER_PATH}/Octicons.ttf",
				"${TARGET_BUILD_DIR}/${UNLOCALIZED_RESOURCES_FOLDER_PATH}/SimpleLineIcons.ttf",
				"${TARGET_BUILD_DIR}/${UNLOCALIZED_RESOURCES_FOLDER_PATH}/Zocial.ttf",
				"${TARGET_BUILD_DIR}/${UNLOCALIZED_RESOURCES_FOLDER_PATH}/React-Core_privacy.bundle",
				"${TARGET_BUILD_DIR}/${UNLOCALIZED_RESOURCES_FOLDER_PATH}/React-cxxreact_privacy.bundle",
				"${TARGET_BUILD_DIR}/${UNLOCALIZED_RESOURCES_FOLDER_PATH}/boost_privacy.bundle",
				"${TARGET_BUILD_DIR}/${UNLOCALIZED_RESOURCES_FOLDER_PATH}/glog_privacy.bundle",
			);
			runOnlyForDeploymentPostprocessing = 0;
			shellPath = /bin/sh;
			shellScript = "\"${PODS_ROOT}/Target Support Files/Pods-trevianappsprint/Pods-trevianappsprint-resources.sh\"\n";
			showEnvVarsInLog = 0;
		};
		8DE7A46ADB09AEC233DA3D50 /* [CP] Embed Pods Frameworks */ = {
			isa = PBXShellScriptBuildPhase;
			buildActionMask = 2147483647;
			files = (
			);
			inputPaths = (
				"${PODS_ROOT}/Target Support Files/Pods-trevianappsprint/Pods-trevianappsprint-frameworks.sh",
				"${PODS_XCFRAMEWORKS_BUILD_DIR}/hermes-engine/Pre-built/hermes.framework/hermes",
			);
			name = "[CP] Embed Pods Frameworks";
			outputPaths = (
				"${TARGET_BUILD_DIR}/${FRAMEWORKS_FOLDER_PATH}/hermes.framework",
			);
			runOnlyForDeploymentPostprocessing = 0;
			shellPath = /bin/sh;
			shellScript = "\"${PODS_ROOT}/Target Support Files/Pods-trevianappsprint/Pods-trevianappsprint-frameworks.sh\"\n";
			showEnvVarsInLog = 0;
		};
/* End PBXShellScriptBuildPhase section */

/* Begin PBXSourcesBuildPhase section */
		13B07F871A680F5B00A75B9A /* Sources */ = {
			isa = PBXSourcesBuildPhase;
			buildActionMask = 2147483647;
			files = (
				3AE5A2682E3E7DE700589C5C /* ObjectCaptureModule.swift in Sources */,
				3AE5A27C2EC204E500589C5C /* InstructionsView.swift in Sources */,
				3A5ED7192DF244540023651F /* CaptureState+.swift in Sources */,
				3AE5A2762EC203E300589C5C /* CaptureView.swift in Sources */,
				3AE5A27A2EC204C100589C5C /* ProgressOverlay.swift in Sources */,
				3AE5A2782EC204A000589C5C /* InitialView.swift in Sources */,
				3A5ED71A2DF244540023651F /* ContentView.swift in Sources */,
				3AE5A2632E3E743800589C5C /*  ARQuickLookView.swift in Sources */,
				3A5ED71B2DF244540023651F /* CreateButton.swift in Sources */,
				3A5ED71F2DF29B130023651F /* ObjectCaptureBridge.m in Sources */,
				F11748422D0307B40044C1D9 /* AppDelegate.swift in Sources */,
				F9623BF646D4462CBBB8FA45 /* ExpoModulesProvider.swift in Sources */,
			);
			runOnlyForDeploymentPostprocessing = 0;
		};
/* End PBXSourcesBuildPhase section */

/* Begin XCBuildConfiguration section */
		13B07F941A680F5B00A75B9A /* Debug */ = {
			isa = XCBuildConfiguration;
			baseConfigurationReference = 2CF8F8C1C5418ADD747CDBD9 /* Pods-trevianappsprint.debug.xcconfig */;
			buildSettings = {
				ASSETCATALOG_COMPILER_APPICON_NAME = AppIcon;
				CLANG_ENABLE_MODULES = YES;
				CODE_SIGN_ENTITLEMENTS = trevianappsprint/trevianappsprint.entitlements;
				CODE_SIGN_IDENTITY = "Apple Development";
				CODE_SIGN_STYLE = Automatic;
				CURRENT_PROJECT_VERSION = 1;
				DEVELOPMENT_TEAM = BB7X95ZXWZ;
				ENABLE_BITCODE = NO;
				GCC_PREPROCESSOR_DEFINITIONS = (
					"$(inherited)",
					"FB_SONARKIT_ENABLED=1",
				);
				INFOPLIST_FILE = trevianappsprint/Info.plist;
				IPHONEOS_DEPLOYMENT_TARGET = 17.6;
				LD_RUNPATH_SEARCH_PATHS = (
					"$(inherited)",
					"@executable_path/Frameworks",
				);
				MARKETING_VERSION = 1.0;
				OTHER_LDFLAGS = (
					"$(inherited)",
					"-ObjC",
					"-lc++",
				);
				OTHER_SWIFT_FLAGS = "$(inherited) -D EXPO_CONFIGURATION_DEBUG";
				PRODUCT_BUNDLE_IDENTIFIER = com.lolagou;
				PRODUCT_NAME = trevianappsprint;
				SWIFT_OBJC_BRIDGING_HEADER = "trevianappsprint/trevianappsprint-Bridging-Header.h";
				SWIFT_OPTIMIZATION_LEVEL = "-Onone";
				SWIFT_VERSION = 5.0;
				TARGETED_DEVICE_FAMILY = "1,2";
				VERSIONING_SYSTEM = "apple-generic";
			};
			name = Debug;
		};
		13B07F951A680F5B00A75B9A /* Release */ = {
			isa = XCBuildConfiguration;
			baseConfigurationReference = 6131E5FC7C2D3DB4C36CA01F /* Pods-trevianappsprint.release.xcconfig */;
			buildSettings = {
				ASSETCATALOG_COMPILER_APPICON_NAME = AppIcon;
				CLANG_ENABLE_MODULES = YES;
				CODE_SIGN_ENTITLEMENTS = trevianappsprint/trevianappsprint.entitlements;
				CODE_SIGN_IDENTITY = "Apple Development";
				CODE_SIGN_STYLE = Automatic;
				CURRENT_PROJECT_VERSION = 1;
				DEVELOPMENT_TEAM = BB7X95ZXWZ;
				INFOPLIST_FILE = trevianappsprint/Info.plist;
				IPHONEOS_DEPLOYMENT_TARGET = 17.6;
				LD_RUNPATH_SEARCH_PATHS = (
					"$(inherited)",
					"@executable_path/Frameworks",
				);
				MARKETING_VERSION = 1.0;
				OTHER_LDFLAGS = (
					"$(inherited)",
					"-ObjC",
					"-lc++",
				);
				OTHER_SWIFT_FLAGS = "$(inherited) -D EXPO_CONFIGURATION_RELEASE";
				PRODUCT_BUNDLE_IDENTIFIER = com.lolagou;
				PRODUCT_NAME = trevianappsprint;
				SWIFT_OBJC_BRIDGING_HEADER = "trevianappsprint/trevianappsprint-Bridging-Header.h";
				SWIFT_VERSION = 5.0;
				TARGETED_DEVICE_FAMILY = "1,2";
				VERSIONING_SYSTEM = "apple-generic";
			};
			name = Release;
		};
		83CBBA201A601CBA00E9B192 /* Debug */ = {
			isa = XCBuildConfiguration;
			buildSettings = {
				ALWAYS_SEARCH_USER_PATHS = NO;
				CLANG_ANALYZER_LOCALIZABILITY_NONLOCALIZED = YES;
				CLANG_CXX_LANGUAGE_STANDARD = "c++20";
				CLANG_CXX_LIBRARY = "libc++";
				CLANG_ENABLE_MODULES = YES;
				CLANG_ENABLE_OBJC_ARC = YES;
				CLANG_WARN_BLOCK_CAPTURE_AUTORELEASING = YES;
				CLANG_WARN_BOOL_CONVERSION = YES;
				CLANG_WARN_COMMA = YES;
				CLANG_WARN_CONSTANT_CONVERSION = YES;
				CLANG_WARN_DEPRECATED_OBJC_IMPLEMENTATIONS = YES;
				CLANG_WARN_DIRECT_OBJC_ISA_USAGE = YES_ERROR;
				CLANG_WARN_EMPTY_BODY = YES;
				CLANG_WARN_ENUM_CONVERSION = YES;
				CLANG_WARN_INFINITE_RECURSION = YES;
				CLANG_WARN_INT_CONVERSION = YES;
				CLANG_WARN_NON_LITERAL_NULL_CONVERSION = YES;
				CLANG_WARN_OBJC_IMPLICIT_RETAIN_SELF = YES;
				CLANG_WARN_OBJC_LITERAL_CONVERSION = YES;
				CLANG_WARN_OBJC_ROOT_CLASS = YES_ERROR;
				CLANG_WARN_RANGE_LOOP_ANALYSIS = YES;
				CLANG_WARN_STRICT_PROTOTYPES = YES;
				CLANG_WARN_SUSPICIOUS_MOVE = YES;
				CLANG_WARN_UNREACHABLE_CODE = YES;
				CLANG_WARN__DUPLICATE_METHOD_MATCH = YES;
				"CODE_SIGN_IDENTITY[sdk=iphoneos*]" = "iPhone Developer";
				COPY_PHASE_STRIP = NO;
				ENABLE_STRICT_OBJC_MSGSEND = YES;
				ENABLE_TESTABILITY = YES;
				GCC_C_LANGUAGE_STANDARD = gnu99;
				GCC_DYNAMIC_NO_PIC = NO;
				GCC_NO_COMMON_BLOCKS = YES;
				GCC_OPTIMIZATION_LEVEL = 0;
				GCC_PREPROCESSOR_DEFINITIONS = (
					"DEBUG=1",
					"$(inherited)",
				);
				GCC_SYMBOLS_PRIVATE_EXTERN = NO;
				GCC_WARN_64_TO_32_BIT_CONVERSION = YES;
				GCC_WARN_ABOUT_RETURN_TYPE = YES_ERROR;
				GCC_WARN_UNDECLARED_SELECTOR = YES;
				GCC_WARN_UNINITIALIZED_AUTOS = YES_AGGRESSIVE;
				GCC_WARN_UNUSED_FUNCTION = YES;
				GCC_WARN_UNUSED_VARIABLE = YES;
				IPHONEOS_DEPLOYMENT_TARGET = 15.1;
				LD_RUNPATH_SEARCH_PATHS = (
					/usr/lib/swift,
					"$(inherited)",
				);
				LIBRARY_SEARCH_PATHS = "$(SDKROOT)/usr/lib/swift\"$(inherited)\"";
				MTL_ENABLE_DEBUG_INFO = YES;
				ONLY_ACTIVE_ARCH = YES;
				OTHER_LDFLAGS = "$(inherited)  ";
				REACT_NATIVE_PATH = "${PODS_ROOT}/../../node_modules/react-native";
				SDKROOT = iphoneos;
				SWIFT_ACTIVE_COMPILATION_CONDITIONS = "$(inherited) DEBUG";
				USE_HERMES = true;
			};
			name = Debug;
		};
		83CBBA211A601CBA00E9B192 /* Release */ = {
			isa = XCBuildConfiguration;
			buildSettings = {
				ALWAYS_SEARCH_USER_PATHS = NO;
				CLANG_ANALYZER_LOCALIZABILITY_NONLOCALIZED = YES;
				CLANG_CXX_LANGUAGE_STANDARD = "c++20";
				CLANG_CXX_LIBRARY = "libc++";
				CLANG_ENABLE_MODULES = YES;
				CLANG_ENABLE_OBJC_ARC = YES;
				CLANG_WARN_BLOCK_CAPTURE_AUTORELEASING = YES;
				CLANG_WARN_BOOL_CONVERSION = YES;
				CLANG_WARN_COMMA = YES;
				CLANG_WARN_CONSTANT_CONVERSION = YES;
				CLANG_WARN_DEPRECATED_OBJC_IMPLEMENTATIONS = YES;
				CLANG_WARN_DIRECT_OBJC_ISA_USAGE = YES_ERROR;
				CLANG_WARN_EMPTY_BODY = YES;
				CLANG_WARN_ENUM_CONVERSION = YES;
				CLANG_WARN_INFINITE_RECURSION = YES;
				CLANG_WARN_INT_CONVERSION = YES;
				CLANG_WARN_NON_LITERAL_NULL_CONVERSION = YES;
				CLANG_WARN_OBJC_IMPLICIT_RETAIN_SELF = YES;
				CLANG_WARN_OBJC_LITERAL_CONVERSION = YES;
				CLANG_WARN_OBJC_ROOT_CLASS = YES_ERROR;
				CLANG_WARN_RANGE_LOOP_ANALYSIS = YES;
				CLANG_WARN_STRICT_PROTOTYPES = YES;
				CLANG_WARN_SUSPICIOUS_MOVE = YES;
				CLANG_WARN_UNREACHABLE_CODE = YES;
				CLANG_WARN__DUPLICATE_METHOD_MATCH = YES;
				"CODE_SIGN_IDENTITY[sdk=iphoneos*]" = "iPhone Developer";
				COPY_PHASE_STRIP = YES;
				ENABLE_NS_ASSERTIONS = NO;
				ENABLE_STRICT_OBJC_MSGSEND = YES;
				GCC_C_LANGUAGE_STANDARD = gnu99;
				GCC_NO_COMMON_BLOCKS = YES;
				GCC_WARN_64_TO_32_BIT_CONVERSION = YES;
				GCC_WARN_ABOUT_RETURN_TYPE = YES_ERROR;
				GCC_WARN_UNDECLARED_SELECTOR = YES;
				GCC_WARN_UNINITIALIZED_AUTOS = YES_AGGRESSIVE;
				GCC_WARN_UNUSED_FUNCTION = YES;
				GCC_WARN_UNUSED_VARIABLE = YES;
				IPHONEOS_DEPLOYMENT_TARGET = 15.1;
				LD_RUNPATH_SEARCH_PATHS = (
					/usr/lib/swift,
					"$(inherited)",
				);
				LIBRARY_SEARCH_PATHS = "$(SDKROOT)/usr/lib/swift\"$(inherited)\"";
				MTL_ENABLE_DEBUG_INFO = NO;
				OTHER_LDFLAGS = "$(inherited)  ";
				REACT_NATIVE_PATH = "${PODS_ROOT}/../../node_modules/react-native";
				SDKROOT = iphoneos;
				USE_HERMES = true;
				VALIDATE_PRODUCT = YES;
			};
			name = Release;
		};
/* End XCBuildConfiguration section */

/* Begin XCConfigurationList section */
		13B07F931A680F5B00A75B9A /* Build configuration list for PBXNativeTarget "trevianappsprint" */ = {
			isa = XCConfigurationList;
			buildConfigurations = (
				13B07F941A680F5B00A75B9A /* Debug */,
				13B07F951A680F5B00A75B9A /* Release */,
			);
			defaultConfigurationIsVisible = 0;
			defaultConfigurationName = Release;
		};
		83CBB9FA1A601CBA00E9B192 /* Build configuration list for PBXProject "trevianappsprint" */ = {
			isa = XCConfigurationList;
			buildConfigurations = (
				83CBBA201A601CBA00E9B192 /* Debug */,
				83CBBA211A601CBA00E9B192 /* Release */,
			);
			defaultConfigurationIsVisible = 0;
			defaultConfigurationName = Release;
		};
/* End XCConfigurationList section */
	};
	rootObject = 83CBB9F71A601CBA00E9B192 /* Project object */;
}
